
Microsoft Visual Studio Solution File, Format Version 12.00
# Visual Studio Version 17
VisualStudioVersion = 17.8.34525.116
MinimumVisualStudioVersion = 10.0.40219.1
Project("{FAE04EC0-301F-11D3-BF4B-00C04F79EFBC}") = "Presents", "Presents\Presents.csproj", "{3A7C6D9F-424C-4D49-B740-EB8F5C07FF65}"
EndProject
Global
	GlobalSection(SolutionConfigurationPlatforms) = preSolution
		Debug|Any CPU = Debug|Any CPU
		Release|Any CPU = Release|Any CPU
	EndGlobalSection
	GlobalSection(ProjectConfigurationPlatforms) = postSolution
		{3A7C6D9F-424C-4D49-B740-EB8F5C07FF65}.Debug|Any CPU.ActiveCfg = Debug|Any CPU
		{3A7C6D9F-424C-4D49-B740-EB8F5C07FF65}.Debug|Any CPU.Build.0 = Debug|Any CPU
		{3A7C6D9F-424C-4D49-B740-EB8F5C07FF65}.Release|Any CPU.ActiveCfg = Release|Any CPU
		{3A7C6D9F-424C-4D49-B740-EB8F5C07FF65}.Release|Any CPU.Build.0 = Release|Any CPU
	EndGlobalSection
	GlobalSection(SolutionProperties) = preSolution
		HideSolutionNode = FALSE
	EndGlobalSection
	GlobalSection(ExtensibilityGlobals) = postSolution
		SolutionGuid = {88D99B2B-CBF3-4A52-B95E-430D54F34743}
	EndGlobalSection
EndGlobal
